
Microsoft Visual Studio Solution File, Format Version 12.00
# Visual Studio 15
VisualStudioVersion = 15.0.27130.2036
MinimumVisualStudioVersion = 10.0.40219.1
Project("{FAE04EC0-301F-11D3-BF4B-00C04F79EFBC}") = "Demo_Sonar", "Demo_Sonar\Demo_Sonar.csproj", "{89E75AC0-30E0-49DA-9D87-FBBBFF83A38C}"
EndProject
Global
	GlobalSection(SolutionConfigurationPlatforms) = preSolution
		Debug|Any CPU = Debug|Any CPU
		Release|Any CPU = Release|Any CPU
	EndGlobalSection
	GlobalSection(ProjectConfigurationPlatforms) = postSolution
		{89E75AC0-30E0-49DA-9D87-FBBBFF83A38C}.Debug|Any CPU.ActiveCfg = Debug|Any CPU
		{89E75AC0-30E0-49DA-9D87-FBBBFF83A38C}.Debug|Any CPU.Build.0 = Debug|Any CPU
		{89E75AC0-30E0-49DA-9D87-FBBBFF83A38C}.Release|Any CPU.ActiveCfg = Release|Any CPU
		{89E75AC0-30E0-49DA-9D87-FBBBFF83A38C}.Release|Any CPU.Build.0 = Release|Any CPU
	EndGlobalSection
	GlobalSection(SolutionProperties) = preSolution
		HideSolutionNode = FALSE
	EndGlobalSection
	GlobalSection(ExtensibilityGlobals) = postSolution
		SolutionGuid = {4A0448B9-C419-4D90-9D99-4D8D2FFF25BF}
	EndGlobalSection
EndGlobal
